
Microsoft Visual Studio Solution File, Format Version 12.00
# Visual Studio 15
VisualStudioVersion = 15.0.28307.1231
MinimumVisualStudioVersion = 10.0.40219.1
Project("{FAE04EC0-301F-11D3-BF4B-00C04F79EFBC}") = "Series of cubes", "Series of cubes\Series of cubes.csproj", "{ED526D40-1587-4D8D-9FF5-DAC8FA806796}"
EndProject
Global
	GlobalSection(SolutionConfigurationPlatforms) = preSolution
		Debug|Any CPU = Debug|Any CPU
		Release|Any CPU = Release|Any CPU
	EndGlobalSection
	GlobalSection(ProjectConfigurationPlatforms) = postSolution
		{ED526D40-1587-4D8D-9FF5-DAC8FA806796}.Debug|Any CPU.ActiveCfg = Debug|Any CPU
		{ED526D40-1587-4D8D-9FF5-DAC8FA806796}.Debug|Any CPU.Build.0 = Debug|Any CPU
		{ED526D40-1587-4D8D-9FF5-DAC8FA806796}.Release|Any CPU.ActiveCfg = Release|Any CPU
		{ED526D40-1587-4D8D-9FF5-DAC8FA806796}.Release|Any CPU.Build.0 = Release|Any CPU
	EndGlobalSection
	GlobalSection(SolutionProperties) = preSolution
		HideSolutionNode = FALSE
	EndGlobalSection
	GlobalSection(ExtensibilityGlobals) = postSolution
		SolutionGuid = {DB4308DD-697A-490F-9EE6-0705DF55BB22}
	EndGlobalSection
EndGlobal
